
Microsoft Visual Studio Solution File, Format Version 12.00
# Visual Studio 2013
VisualStudioVersion = 12.0.30501.0
MinimumVisualStudioVersion = 10.0.40219.1
Project("{8BC9CEB8-8B4A-11D0-8D11-00A0C91BC942}") = "Ping Pong", "Ping Pong\Ping Pong.vcxproj", "{319F09BD-6C27-4DBA-830E-EBEFE72EB078}"
EndProject
Global
	GlobalSection(SolutionConfigurationPlatforms) = preSolution
		Debug|Win32 = Debug|Win32
		Release|Win32 = Release|Win32
	EndGlobalSection
	GlobalSection(ProjectConfigurationPlatforms) = postSolution
		{319F09BD-6C27-4DBA-830E-EBEFE72EB078}.Debug|Win32.ActiveCfg = Debug|Win32
		{319F09BD-6C27-4DBA-830E-EBEFE72EB078}.Debug|Win32.Build.0 = Debug|Win32
		{319F09BD-6C27-4DBA-830E-EBEFE72EB078}.Release|Win32.ActiveCfg = Release|Win32
		{319F09BD-6C27-4DBA-830E-EBEFE72EB078}.Release|Win32.Build.0 = Release|Win32
	EndGlobalSection
	GlobalSection(SolutionProperties) = preSolution
		HideSolutionNode = FALSE
	EndGlobalSection
EndGlobal
